
Microsoft Visual Studio Solution File, Format Version 12.00
# Visual Studio Version 16
VisualStudioVersion = 16.0.30114.105
MinimumVisualStudioVersion = 10.0.40219.1
Project("{9A19103F-16F7-4668-BE54-9A1E7A4F7556}") = "MathOperation", "MathOperation\MathOperation.csproj", "{D2090492-1CE8-4124-A628-C52A75CAE410}"
EndProject
Project("{FAE04EC0-301F-11D3-BF4B-00C04F79EFBC}") = "Animal", "Animal\Animal.csproj", "{FC8119B4-498E-4501-AF05-2D8CC899FBBE}"
EndProject
Global
	GlobalSection(SolutionConfigurationPlatforms) = preSolution
		Debug|Any CPU = Debug|Any CPU
		Release|Any CPU = Release|Any CPU
	EndGlobalSection
	GlobalSection(ProjectConfigurationPlatforms) = postSolution
		{D2090492-1CE8-4124-A628-C52A75CAE410}.Debug|Any CPU.ActiveCfg = Debug|Any CPU
		{D2090492-1CE8-4124-A628-C52A75CAE410}.Debug|Any CPU.Build.0 = Debug|Any CPU
		{D2090492-1CE8-4124-A628-C52A75CAE410}.Release|Any CPU.ActiveCfg = Release|Any CPU
		{D2090492-1CE8-4124-A628-C52A75CAE410}.Release|Any CPU.Build.0 = Release|Any CPU
		{FC8119B4-498E-4501-AF05-2D8CC899FBBE}.Debug|Any CPU.ActiveCfg = Debug|Any CPU
		{FC8119B4-498E-4501-AF05-2D8CC899FBBE}.Debug|Any CPU.Build.0 = Debug|Any CPU
		{FC8119B4-498E-4501-AF05-2D8CC899FBBE}.Release|Any CPU.ActiveCfg = Release|Any CPU
		{FC8119B4-498E-4501-AF05-2D8CC899FBBE}.Release|Any CPU.Build.0 = Release|Any CPU
	EndGlobalSection
	GlobalSection(SolutionProperties) = preSolution
		HideSolutionNode = FALSE
	EndGlobalSection
	GlobalSection(ExtensibilityGlobals) = postSolution
		SolutionGuid = {BEE7625A-C13F-4F62-A9ED-CF56BCDC14AB}
	EndGlobalSection
EndGlobal
